Microsoft Visual Studio Solution File, Format Version 12.00
# Visual Studio 15
VisualStudioVersion = 15.0.26228.9
MinimumVisualStudioVersion = 10.0.40219.1
Project("{2150E333-8FDC-42A3-9474-1A3956D46DE8}") = "src", "src", "{B9B3999E-84F9-4812-9069-04965FA468A6}"
	ProjectSection(SolutionItems) = preProject
		License.txt = License.txt
		ReadMe.md = ReadMe.md
	EndProjectSection
EndProject
Project("{2150E333-8FDC-42A3-9474-1A3956D46DE8}") = "Solution Items", "Solution Items", "{BB56EA65-098E-4BA8-9AB4-48BAA319E0DC}"
	ProjectSection(SolutionItems) = preProject
		appveyor.yml = appveyor.yml
		License.txt = License.txt
		NuGet.config = NuGet.config
		ReadMe.md = ReadMe.md
	EndProjectSection
EndProject
Project("{FAE04EC0-301F-11D3-BF4B-00C04F79EFBC}") = "JeremyTCD.DocFxPlugins.FileMetadataExposer", "src\JeremyTCD.DocFxPlugins.FileMetadataExposer\JeremyTCD.DocFxPlugins.FileMetadataExposer.csproj", "{C68D0BA3-0450-4688-B7E4-553CF1EEE38D}"
EndProject
Project("{FAE04EC0-301F-11D3-BF4B-00C04F79EFBC}") = "JeremyTCD.DocFxPlugins.SearchIndexGenerator", "src\JeremyTCD.DocFxPlugins.SearchIndexGenerator\JeremyTCD.DocFxPlugins.SearchIndexGenerator.csproj", "{A6E0C861-1461-4F7F-936D-F11CE56186E2}"
EndProject
Project("{FAE04EC0-301F-11D3-BF4B-00C04F79EFBC}") = "JeremyTCD.DocFxPlugins.Utils", "src\JeremyTCD.DocFxPlugins.Utils\JeremyTCD.DocFxPlugins.Utils.csproj", "{51458858-E5C8-48FA-AFDB-931C5E409D33}"
EndProject
Project("{FAE04EC0-301F-11D3-BF4B-00C04F79EFBC}") = "JeremyTCD.DocFxPlugins.SortedArticleListGenerator", "src\JeremyTCD.DocFxPlugins.SortedArticleListGenerator\JeremyTCD.DocFxPlugins.SortedArticleListGenerator.csproj", "{770CCA6F-947A-49BD-9647-2189499365C5}"
EndProject
Global
	GlobalSection(SolutionConfigurationPlatforms) = preSolution
		Debug|Any CPU = Debug|Any CPU
		Debug|x64 = Debug|x64
		Debug|x86 = Debug|x86
		Release|Any CPU = Release|Any CPU
		Release|x64 = Release|x64
		Release|x86 = Release|x86
	EndGlobalSection
	GlobalSection(ProjectConfigurationPlatforms) = postSolution
		{C68D0BA3-0450-4688-B7E4-553CF1EEE38D}.Debug|Any CPU.ActiveCfg = Debug|Any CPU
		{C68D0BA3-0450-4688-B7E4-553CF1EEE38D}.Debug|Any CPU.Build.0 = Debug|Any CPU
		{C68D0BA3-0450-4688-B7E4-553CF1EEE38D}.Debug|x64.ActiveCfg = Debug|Any CPU
		{C68D0BA3-0450-4688-B7E4-553CF1EEE38D}.Debug|x86.ActiveCfg = Debug|Any CPU
		{C68D0BA3-0450-4688-B7E4-553CF1EEE38D}.Release|Any CPU.ActiveCfg = Release|Any CPU
		{C68D0BA3-0450-4688-B7E4-553CF1EEE38D}.Release|Any CPU.Build.0 = Release|Any CPU
		{C68D0BA3-0450-4688-B7E4-553CF1EEE38D}.Release|x64.ActiveCfg = Release|Any CPU
		{C68D0BA3-0450-4688-B7E4-553CF1EEE38D}.Release|x86.ActiveCfg = Release|Any CPU
		{A6E0C861-1461-4F7F-936D-F11CE56186E2}.Debug|Any CPU.ActiveCfg = Debug|Any CPU
		{A6E0C861-1461-4F7F-936D-F11CE56186E2}.Debug|Any CPU.Build.0 = Debug|Any CPU
		{A6E0C861-1461-4F7F-936D-F11CE56186E2}.Debug|x64.ActiveCfg = Debug|Any CPU
		{A6E0C861-1461-4F7F-936D-F11CE56186E2}.Debug|x64.Build.0 = Debug|Any CPU
		{A6E0C861-1461-4F7F-936D-F11CE56186E2}.Debug|x86.ActiveCfg = Debug|Any CPU
		{A6E0C861-1461-4F7F-936D-F11CE56186E2}.Debug|x86.Build.0 = Debug|Any CPU
		{A6E0C861-1461-4F7F-936D-F11CE56186E2}.Release|Any CPU.ActiveCfg = Release|Any CPU
		{A6E0C861-1461-4F7F-936D-F11CE56186E2}.Release|Any CPU.Build.0 = Release|Any CPU
		{A6E0C861-1461-4F7F-936D-F11CE56186E2}.Release|x64.ActiveCfg = Release|Any CPU
		{A6E0C861-1461-4F7F-936D-F11CE56186E2}.Release|x64.Build.0 = Release|Any CPU
		{A6E0C861-1461-4F7F-936D-F11CE56186E2}.Release|x86.ActiveCfg = Release|Any CPU
		{A6E0C861-1461-4F7F-936D-F11CE56186E2}.Release|x86.Build.0 = Release|Any CPU
		{51458858-E5C8-48FA-AFDB-931C5E409D33}.Debug|Any CPU.ActiveCfg = Debug|Any CPU
		{51458858-E5C8-48FA-AFDB-931C5E409D33}.Debug|Any CPU.Build.0 = Debug|Any CPU
		{51458858-E5C8-48FA-AFDB-931C5E409D33}.Debug|x64.ActiveCfg = Debug|Any CPU
		{51458858-E5C8-48FA-AFDB-931C5E409D33}.Debug|x64.Build.0 = Debug|Any CPU
		{51458858-E5C8-48FA-AFDB-931C5E409D33}.Debug|x86.ActiveCfg = Debug|Any CPU
		{51458858-E5C8-48FA-AFDB-931C5E409D33}.Debug|x86.Build.0 = Debug|Any CPU
		{51458858-E5C8-48FA-AFDB-931C5E409D33}.Release|Any CPU.ActiveCfg = Release|Any CPU
		{51458858-E5C8-48FA-AFDB-931C5E409D33}.Release|Any CPU.Build.0 = Release|Any CPU
		{51458858-E5C8-48FA-AFDB-931C5E409D33}.Release|x64.ActiveCfg = Release|Any CPU
		{51458858-E5C8-48FA-AFDB-931C5E409D33}.Release|x64.Build.0 = Release|Any CPU
		{51458858-E5C8-48FA-AFDB-931C5E409D33}.Release|x86.ActiveCfg = Release|Any CPU
		{51458858-E5C8-48FA-AFDB-931C5E409D33}.Release|x86.Build.0 = Release|Any CPU
		{770CCA6F-947A-49BD-9647-2189499365C5}.Debug|Any CPU.ActiveCfg = Debug|Any CPU
		{770CCA6F-947A-49BD-9647-2189499365C5}.Debug|Any CPU.Build.0 = Debug|Any CPU
		{770CCA6F-947A-49BD-9647-2189499365C5}.Debug|x64.ActiveCfg = Debug|Any CPU
		{770CCA6F-947A-49BD-9647-2189499365C5}.Debug|x64.Build.0 = Debug|Any CPU
		{770CCA6F-947A-49BD-9647-2189499365C5}.Debug|x86.ActiveCfg = Debug|Any CPU
		{770CCA6F-947A-49BD-9647-2189499365C5}.Debug|x86.Build.0 = Debug|Any CPU
		{770CCA6F-947A-49BD-9647-2189499365C5}.Release|Any CPU.ActiveCfg = Release|Any CPU
		{770CCA6F-947A-49BD-9647-2189499365C5}.Release|Any CPU.Build.0 = Release|Any CPU
		{770CCA6F-947A-49BD-9647-2189499365C5}.Release|x64.ActiveCfg = Release|Any CPU
		{770CCA6F-947A-49BD-9647-2189499365C5}.Release|x64.Build.0 = Release|Any CPU
		{770CCA6F-947A-49BD-9647-2189499365C5}.Release|x86.ActiveCfg = Release|Any CPU
		{770CCA6F-947A-49BD-9647-2189499365C5}.Release|x86.Build.0 = Release|Any CPU
	EndGlobalSection
	GlobalSection(SolutionProperties) = preSolution
		HideSolutionNode = FALSE
	EndGlobalSection
	GlobalSection(NestedProjects) = preSolution
		{C68D0BA3-0450-4688-B7E4-553CF1EEE38D} = {B9B3999E-84F9-4812-9069-04965FA468A6}
		{A6E0C861-1461-4F7F-936D-F11CE56186E2} = {B9B3999E-84F9-4812-9069-04965FA468A6}
		{51458858-E5C8-48FA-AFDB-931C5E409D33} = {B9B3999E-84F9-4812-9069-04965FA468A6}
		{770CCA6F-947A-49BD-9647-2189499365C5} = {B9B3999E-84F9-4812-9069-04965FA468A6}
	EndGlobalSection
EndGlobal
